
Microsoft Visual Studio Solution File, Format Version 12.00
# Visual Studio Version 16
VisualStudioVersion = 16.0.32630.194
MinimumVisualStudioVersion = 10.0.40219.1
Project("{FAE04EC0-301F-11D3-BF4B-00C04F79EFBC}") = "proyecto 1 semana 2- Formulario", "proyecto 1 semana 2- Formulario.csproj", "{2B97A1FE-9949-46F0-AD58-F7AD434880F2}"
EndProject
Global
	GlobalSection(SolutionConfigurationPlatforms) = preSolution
		Debug|Any CPU = Debug|Any CPU
		Release|Any CPU = Release|Any CPU
	EndGlobalSection
	GlobalSection(ProjectConfigurationPlatforms) = postSolution
		{2B97A1FE-9949-46F0-AD58-F7AD434880F2}.Debug|Any CPU.ActiveCfg = Debug|Any CPU
		{2B97A1FE-9949-46F0-AD58-F7AD434880F2}.Debug|Any CPU.Build.0 = Debug|Any CPU
		{2B97A1FE-9949-46F0-AD58-F7AD434880F2}.Release|Any CPU.ActiveCfg = Release|Any CPU
		{2B97A1FE-9949-46F0-AD58-F7AD434880F2}.Release|Any CPU.Build.0 = Release|Any CPU
	EndGlobalSection
	GlobalSection(SolutionProperties) = preSolution
		HideSolutionNode = FALSE
	EndGlobalSection
	GlobalSection(ExtensibilityGlobals) = postSolution
		SolutionGuid = {6253EE7E-FAD1-4989-AA8D-4D552EE1BCE7}
	EndGlobalSection
EndGlobal
